
Microsoft Visual Studio Solution File, Format Version 12.00
# Visual Studio Version 17
VisualStudioVersion = 17.7.34024.191
MinimumVisualStudioVersion = 10.0.40219.1
Project("{FAE04EC0-301F-11D3-BF4B-00C04F79EFBC}") = "PR10", "PR10\PR10.csproj", "{C5E2D116-5183-40DA-AE9C-BCC1C2DA3A50}"
EndProject
Global
	GlobalSection(SolutionConfigurationPlatforms) = preSolution
		Debug|Any CPU = Debug|Any CPU
		Release|Any CPU = Release|Any CPU
	EndGlobalSection
	GlobalSection(ProjectConfigurationPlatforms) = postSolution
		{C5E2D116-5183-40DA-AE9C-BCC1C2DA3A50}.Debug|Any CPU.ActiveCfg = Debug|Any CPU
		{C5E2D116-5183-40DA-AE9C-BCC1C2DA3A50}.Debug|Any CPU.Build.0 = Debug|Any CPU
		{C5E2D116-5183-40DA-AE9C-BCC1C2DA3A50}.Release|Any CPU.ActiveCfg = Release|Any CPU
		{C5E2D116-5183-40DA-AE9C-BCC1C2DA3A50}.Release|Any CPU.Build.0 = Release|Any CPU
	EndGlobalSection
	GlobalSection(SolutionProperties) = preSolution
		HideSolutionNode = FALSE
	EndGlobalSection
	GlobalSection(ExtensibilityGlobals) = postSolution
		SolutionGuid = {A93E2F7C-CB26-47C9-B37E-9D9828DC76E9}
	EndGlobalSection
EndGlobal
